// !$*UTF8*$!
{
	archiveVersion = 1;
	classes = {
	};
	objectVersion = 50;
	objects = {

/* Begin PBXBuildFile section */
		EF8866A1247299FB00555FBD /* AppDelegate.swift in Sources */ = {isa = PBXBuildFile; fileRef = EF8866A0247299FB00555FBD /* AppDelegate.swift */; };
		EF8866A3247299FB00555FBD /* SceneDelegate.swift in Sources */ = {isa = PBXBuildFile; fileRef = EF8866A2247299FB00555FBD /* SceneDelegate.swift */; };
		EF8866A5247299FB00555FBD /* ViewController.swift in Sources */ = {isa = PBXBuildFile; fileRef = EF8866A4247299FB00555FBD /* ViewController.swift */; };
		EF8866A8247299FB00555FBD /* Main.storyboard in Resources */ = {isa = PBXBuildFile; fileRef = EF8866A6247299FB00555FBD /* Main.storyboard */; };
		EF8866AA247299FE00555FBD /* Assets.xcassets in Resources */ = {isa = PBXBuildFile; fileRef = EF8866A9247299FE00555FBD /* Assets.xcassets */; };
		EF8866AD247299FE00555FBD /* LaunchScreen.storyboard in Resources */ = {isa = PBXBuildFile; fileRef = EF8866AB247299FE00555FBD /* LaunchScreen.storyboard */; };
		EF8866B8247299FF00555FBD /* topViewTests.swift in Sources */ = {isa = PBXBuildFile; fileRef = EF8866B7247299FF00555FBD /* topViewTests.swift */; };
/* End PBXBuildFile section */

/* Begin PBXContainerItemProxy section */
		EF8866B4247299FF00555FBD /* PBXContainerItemProxy */ = {
			isa = PBXContainerItemProxy;
			containerPortal = EF886695247299FB00555FBD /* Project object */;
			proxyType = 1;
			remoteGlobalIDString = EF88669C247299FB00555FBD;
			remoteInfo = topView;
		};
/* End PBXContainerItemProxy section */

/* Begin PBXFileReference section */
		EF88669D247299FB00555FBD /* topView.app */ = {isa = PBXFileReference; explicitFileType = wrapper.application; includeInIndex = 0; path = topView.app; sourceTree = BUILT_PRODUCTS_DIR; };
		EF8866A0247299FB00555FBD /* AppDelegate.swift */ = {isa = PBXFileReference; lastKnownFileType = sourcecode.swift; path = AppDelegate.swift; sourceTree = "<group>"; };
		EF8866A2247299FB00555FBD /* SceneDelegate.swift */ = {isa = PBXFileReference; lastKnownFileType = sourcecode.swift; path = SceneDelegate.swift; sourceTree = "<group>"; };
		EF8866A4247299FB00555FBD /* ViewController.swift */ = {isa = PBXFileReference; lastKnownFileType = sourcecode.swift; path = ViewController.swift; sourceTree = "<group>"; };
		EF8866A7247299FB00555FBD /* Base */ = {isa = PBXFileReference; lastKnownFileType = file.storyboard; name = Base; path = Base.lproj/Main.storyboard; sourceTree = "<group>"; };
		EF8866A9247299FE00555FBD /* Assets.xcassets */ = {isa = PBXFileReference; lastKnownFileType = folder.assetcatalog; path = Assets.xcassets; sourceTree = "<group>"; };
		EF8866AC247299FE00555FBD /* Base */ = {isa = PBXFileReference; lastKnownFileType = file.storyboard; name = Base; path = Base.lproj/LaunchScreen.storyboard; sourceTree = "<group>"; };
		EF8866AE247299FE00555FBD /* Info.plist */ = {isa = PBXFileReference; lastKnownFileType = text.plist.xml; path = Info.plist; sourceTree = "<group>"; };
		EF8866B3247299FF00555FBD /* topViewTests.xctest */ = {isa = PBXFileReference; explicitFileType = wrapper.cfbundle; includeInIndex = 0; path = topViewTests.xctest; sourceTree = BUILT_PRODUCTS_DIR; };
		EF8866B7247299FF00555FBD /* topViewTests.swift */ = {isa = PBXFileReference; lastKnownFileType = sourcecode.swift; path = topViewTests.swift; sourceTree = "<group>"; };
		EF8866B9247299FF00555FBD /* Info.plist */ = {isa = PBXFileReference; lastKnownFileType = text.plist.xml; path = Info.plist; sourceTree = "<group>"; };
/* End PBXFileReference section */

/* Begin PBXFrameworksBuildPhase section */
		EF88669A247299FB00555FBD /* Frameworks */ = {
			isa = PBXFrameworksBuildPhase;
			buildActionMask = 2147483647;
			files = (
			);
			runOnlyForDeploymentPostprocessing = 0;
		};
		EF8866B0247299FF00555FBD /* Frameworks */ = {
			isa = PBXFrameworksBuildPhase;
			buildActionMask = 2147483647;
			files = (
			);
			runOnlyForDeploymentPostprocessing = 0;
		};
/* End PBXFrameworksBuildPhase section */

/* Begin PBXGroup section */
		EF886694247299FB00555FBD = {
			isa = PBXGroup;
			children = (
				EF88669F247299FB00555FBD /* topView */,
				EF8866B6247299FF00555FBD /* topViewTests */,
				EF88669E247299FB00555FBD /* Products */,
			);
			sourceTree = "<group>";
		};
		EF88669E247299FB00555FBD /* Products */ = {
			isa = PBXGroup;
			children = (
				EF88669D247299FB00555FBD /* topView.app */,
				EF8866B3247299FF00555FBD /* topViewTests.xctest */,
			);
			name = Products;
			sourceTree = "<group>";
		};
		EF88669F247299FB00555FBD /* topView */ = {
			isa = PBXGroup;
			children = (
				EF8866A0247299FB00555FBD /* AppDelegate.swift */,
				EF8866A2247299FB00555FBD /* SceneDelegate.swift */,
				EF8866A4247299FB00555FBD /* ViewController.swift */,
				EF8866A6247299FB00555FBD /* Main.storyboard */,
				EF8866A9247299FE00555FBD /* Assets.xcassets */,
				EF8866AB247299FE00555FBD /* LaunchScreen.storyboard */,
				EF8866AE247299FE00555FBD /* Info.plist */,
			);
			path = topView;
			sourceTree = "<group>";
		};
		EF8866B6247299FF00555FBD /* topViewTests */ = {
			isa = PBXGroup;
			children = (
				EF8866B7247299FF00555FBD /* topViewTests.swift */,
				EF8866B9247299FF00555FBD /* Info.plist */,
			);
			path = topViewTests;
			sourceTree = "<group>";
		};
/* End PBXGroup section */

/* Begin PBXNativeTarget section */
		EF88669C247299FB00555FBD /* topView */ = {
			isa = PBXNativeTarget;
			buildConfigurationList = EF8866BC247299FF00555FBD /* Build configuration list for PBXNativeTarget "topView" */;
			buildPhases = (
				EF886699247299FB00555FBD /* Sources */,
				EF88669A247299FB00555FBD /* Frameworks */,
				EF88669B247299FB00555FBD /* Resources */,
			);
			buildRules = (
			);
			dependencies = (
			);
			name = topView;
			productName = topView;
			productReference = EF88669D247299FB00555FBD /* topView.app */;
			productType = "com.apple.product-type.application";
		};
		EF8866B2247299FF00555FBD /* topViewTests */ = {
			isa = PBXNativeTarget;
			buildConfigurationList = EF8866BF247299FF00555FBD /* Build configuration list for PBXNativeTarget "topViewTests" */;
			buildPhases = (
				EF8866AF247299FF00555FBD /* Sources */,
				EF8866B0247299FF00555FBD /* Frameworks */,
				EF8866B1247299FF00555FBD /* Resources */,
			);
			buildRules = (
			);
			dependencies = (
				EF8866B5247299FF00555FBD /* PBXTargetDependency */,
			);
			name = topViewTests;
			productName = topViewTests;
			productReference = EF8866B3247299FF00555FBD /* topViewTests.xctest */;
			productType = "com.apple.product-type.bundle.unit-test";
		};
/* End PBXNativeTarget section */

/* Begin PBXProject section */
		EF886695247299FB00555FBD /* Project object */ = {
			isa = PBXProject;
			attributes = {
				LastSwiftUpdateCheck = 1140;
				LastUpgradeCheck = 1140;
				ORGANIZATIONNAME = mason;
				TargetAttributes = {
					EF88669C247299FB00555FBD = {
						CreatedOnToolsVersion = 11.4.1;
					};
					EF8866B2247299FF00555FBD = {
						CreatedOnToolsVersion = 11.4.1;
						TestTargetID = EF88669C247299FB00555FBD;
					};
				};
			};
			buildConfigurationList = EF886698247299FB00555FBD /* Build configuration list for PBXProject "topView" */;
			compatibilityVersion = "Xcode 9.3";
			developmentRegion = en;
			hasScannedForEncodings = 0;
			knownRegions = (
				en,
				Base,
			);
			mainGroup = EF886694247299FB00555FBD;
			productRefGroup = EF88669E247299FB00555FBD /* Products */;
			projectDirPath = "";
			projectRoot = "";
			targets = (
				EF88669C247299FB00555FBD /* topView */,
				EF8866B2247299FF00555FBD /* topViewTests */,
			);
		};
/* End PBXProject section */

/* Begin PBXResourcesBuildPhase section */
		EF88669B247299FB00555FBD /* Resources */ = {
			isa = PBXResourcesBuildPhase;
			buildActionMask = 2147483647;
			files = (
				EF8866AD247299FE00555FBD /* LaunchScreen.storyboard in Resources */,
				EF8866AA247299FE00555FBD /* Assets.xcassets in Resources */,
				EF8866A8247299FB00555FBD /* Main.storyboard in Resources */,
			);
			runOnlyForDeploymentPostprocessing = 0;
		};
		EF8866B1247299FF00555FBD /* Resources */ = {
			isa = PBXResourcesBuildPhase;
			buildActionMask = 2147483647;
			files = (
			);
			runOnlyForDeploymentPostprocessing = 0;
		};
/* End PBXResourcesBuildPhase section */

/* Begin PBXSourcesBuildPhase section */
		EF886699247299FB00555FBD /* Sources */ = {
			isa = PBXSourcesBuildPhase;
			buildActionMask = 2147483647;
			files = (
				EF8866A5247299FB00555FBD /* ViewController.swift in Sources */,
				EF8866A1247299FB00555FBD /* AppDelegate.swift in Sources */,
				EF8866A3247299FB00555FBD /* SceneDelegate.swift in Sources */,
			);
			runOnlyForDeploymentPostprocessing = 0;
		};
		EF8866AF247299FF00555FBD /* Sources */ = {
			isa = PBXSourcesBuildPhase;
			buildActionMask = 2147483647;
			files = (
				EF8866B8247299FF00555FBD /* topViewTests.swift in Sources */,
			);
			runOnlyForDeploymentPostprocessing = 0;
		};
/* End PBXSourcesBuildPhase section */

/* Begin PBXTargetDependency section */
		EF8866B5247299FF00555FBD /* PBXTargetDependency */ = {
			isa = PBXTargetDependency;
			target = EF88669C247299FB00555FBD /* topView */;
			targetProxy = EF8866B4247299FF00555FBD /* PBXContainerItemProxy */;
		};
/* End PBXTargetDependency section */

/* Begin PBXVariantGroup section */
		EF8866A6247299FB00555FBD /* Main.storyboard */ = {
			isa = PBXVariantGroup;
			children = (
				EF8866A7247299FB00555FBD /* Base */,
			);
			name = Main.storyboard;
			sourceTree = "<group>";
		};
		EF8866AB247299FE00555FBD /* LaunchScreen.storyboard */ = {
			isa = PBXVariantGroup;
			children = (
				EF8866AC247299FE00555FBD /* Base */,
			);
			name = LaunchScreen.storyboard;
			sourceTree = "<group>";
		};
/* End PBXVariantGroup section */

/* Begin XCBuildConfiguration section */
		EF8866BA247299FF00555FBD /* Debug */ = {
			isa = XCBuildConfiguration;
			buildSettings = {
				ALWAYS_SEARCH_USER_PATHS = NO;
				CLANG_ANALYZER_NONNULL = YES;
				CLANG_ANALYZER_NUMBER_OBJECT_CONVERSION = YES_AGGRESSIVE;
				CLANG_CXX_LANGUAGE_STANDARD = "gnu++14";
				CLANG_CXX_LIBRARY = "libc++";
				CLANG_ENABLE_MODULES = YES;
				CLANG_ENABLE_OBJC_ARC = YES;
				CLANG_ENABLE_OBJC_WEAK = YES;
				CLANG_WARN_BLOCK_CAPTURE_AUTORELEASING = YES;
				CLANG_WARN_BOOL_CONVERSION = YES;
				CLANG_WARN_COMMA = YES;
				CLANG_WARN_CONSTANT_CONVERSION = YES;
				CLANG_WARN_DEPRECATED_OBJC_IMPLEMENTATIONS = YES;
				CLANG_WARN_DIRECT_OBJC_ISA_USAGE = YES_ERROR;
				CLANG_WARN_DOCUMENTATION_COMMENTS = YES;
				CLANG_WARN_EMPTY_BODY = YES;
				CLANG_WARN_ENUM_CONVERSION = YES;
				CLANG_WARN_INFINITE_RECURSION = YES;
				CLANG_WARN_INT_CONVERSION = YES;
				CLANG_WARN_NON_LITERAL_NULL_CONVERSION = YES;
				CLANG_WARN_OBJC_IMPLICIT_RETAIN_SELF = YES;
				CLANG_WARN_OBJC_LITERAL_CONVERSION = YES;
				CLANG_WARN_OBJC_ROOT_CLASS = YES_ERROR;
				CLANG_WARN_RANGE_LOOP_ANALYSIS = YES;
				CLANG_WARN_STRICT_PROTOTYPES = YES;
				CLANG_WARN_SUSPICIOUS_MOVE = YES;
				CLANG_WARN_UNGUARDED_AVAILABILITY = YES_AGGRESSIVE;
				CLANG_WARN_UNREACHABLE_CODE = YES;
				CLANG_WARN__DUPLICATE_METHOD_MATCH = YES;
				COPY_PHASE_STRIP = NO;
				DEBUG_INFORMATION_FORMAT = dwarf;
				ENABLE_STRICT_OBJC_MSGSEND = YES;
				ENABLE_TESTABILITY = YES;
				GCC_C_LANGUAGE_STANDARD = gnu11;
				GCC_DYNAMIC_NO_PIC = NO;
				GCC_NO_COMMON_BLOCKS = YES;
				GCC_OPTIMIZATION_LEVEL = 0;
				GCC_PREPROCESSOR_DEFINITIONS = (
					"DEBUG=1",
					"$(inherited)",
				);
				GCC_WARN_64_TO_32_BIT_CONVERSION = YES;
				GCC_WARN_ABOUT_RETURN_TYPE = YES_ERROR;
				GCC_WARN_UNDECLARED_SELECTOR = YES;
				GCC_WARN_UNINITIALIZED_AUTOS = YES_AGGRESSIVE;
				GCC_WARN_UNUSED_FUNCTION = YES;
				GCC_WARN_UNUSED_VARIABLE = YES;
				IPHONEOS_DEPLOYMENT_TARGET = 13.4;
				MTL_ENABLE_DEBUG_INFO = INCLUDE_SOURCE;
				MTL_FAST_MATH = YES;
				ONLY_ACTIVE_ARCH = YES;
				SDKROOT = iphoneos;
				SWIFT_ACTIVE_COMPILATION_CONDITIONS = DEBUG;
				SWIFT_OPTIMIZATION_LEVEL = "-Onone";
			};
			name = Debug;
		};
		EF8866BB247299FF00555FBD /* Release */ = {
			isa = XCBuildConfiguration;
			buildSettings = {
				ALWAYS_SEARCH_USER_PATHS = NO;
				CLANG_ANALYZER_NONNULL = YES;
				CLANG_ANALYZER_NUMBER_OBJECT_CONVERSION = YES_AGGRESSIVE;
				CLANG_CXX_LANGUAGE_STANDARD = "gnu++14";
				CLANG_CXX_LIBRARY = "libc++";
				CLANG_ENABLE_MODULES = YES;
				CLANG_ENABLE_OBJC_ARC = YES;
				CLANG_ENABLE_OBJC_WEAK = YES;
				CLANG_WARN_BLOCK_CAPTURE_AUTORELEASING = YES;
				CLANG_WARN_BOOL_CONVERSION = YES;
				CLANG_WARN_COMMA = YES;
				CLANG_WARN_CONSTANT_CONVERSION = YES;
				CLANG_WARN_DEPRECATED_OBJC_IMPLEMENTATIONS = YES;
				CLANG_WARN_DIRECT_OBJC_ISA_USAGE = YES_ERROR;
				CLANG_WARN_DOCUMENTATION_COMMENTS = YES;
				CLANG_WARN_EMPTY_BODY = YES;
				CLANG_WARN_ENUM_CONVERSION = YES;
				CLANG_WARN_INFINITE_RECURSION = YES;
				CLANG_WARN_INT_CONVERSION = YES;
				CLANG_WARN_NON_LITERAL_NULL_CONVERSION = YES;
				CLANG_WARN_OBJC_IMPLICIT_RETAIN_SELF = YES;
				CLANG_WARN_OBJC_LITERAL_CONVERSION = YES;
				CLANG_WARN_OBJC_ROOT_CLASS = YES_ERROR;
				CLANG_WARN_RANGE_LOOP_ANALYSIS = YES;
				CLANG_WARN_STRICT_PROTOTYPES = YES;
				CLANG_WARN_SUSPICIOUS_MOVE = YES;
				CLANG_WARN_UNGUARDED_AVAILABILITY = YES_AGGRESSIVE;
				CLANG_WARN_UNREACHABLE_CODE = YES;
				CLANG_WARN__DUPLICATE_METHOD_MATCH = YES;
				COPY_PHASE_STRIP = NO;
				DEBUG_INFORMATION_FORMAT = "dwarf-with-dsym";
				ENABLE_NS_ASSERTIONS = NO;
				ENABLE_STRICT_OBJC_MSGSEND = YES;
				GCC_C_LANGUAGE_STANDARD = gnu11;
				GCC_NO_COMMON_BLOCKS = YES;
				GCC_WARN_64_TO_32_BIT_CONVERSION = YES;
				GCC_WARN_ABOUT_RETURN_TYPE = YES_ERROR;
				GCC_WARN_UNDECLARED_SELECTOR = YES;
				GCC_WARN_UNINITIALIZED_AUTOS = YES_AGGRESSIVE;
				GCC_WARN_UNUSED_FUNCTION = YES;
				GCC_WARN_UNUSED_VARIABLE = YES;
				IPHONEOS_DEPLOYMENT_TARGET = 13.4;
				MTL_ENABLE_DEBUG_INFO = NO;
				MTL_FAST_MATH = YES;
				SDKROOT = iphoneos;
				SWIFT_COMPILATION_MODE = wholemodule;
				SWIFT_OPTIMIZATION_LEVEL = "-O";
				VALIDATE_PRODUCT = YES;
			};
			name = Release;
		};
		EF8866BD247299FF00555FBD /* Debug */ = {
			isa = XCBuildConfiguration;
			buildSettings = {
				ASSETCATALOG_COMPILER_APPICON_NAME = AppIcon;
				CODE_SIGN_STYLE = Automatic;
				DEVELOPMENT_TEAM = 2HS62JFXYP;
				INFOPLIST_FILE = topView/Info.plist;
				LD_RUNPATH_SEARCH_PATHS = (
					"$(inherited)",
					"@executable_path/Frameworks",
				);
				PRODUCT_BUNDLE_IDENTIFIER = com.fxzb.www.topView;
				PRODUCT_NAME = "$(TARGET_NAME)";
				SWIFT_VERSION = 5.0;
				TARGETED_DEVICE_FAMILY = "1,2";
			};
			name = Debug;
		};
		EF8866BE247299FF00555FBD /* Release */ = {
			isa = XCBuildConfiguration;
			buildSettings = {
				ASSETCATALOG_COMPILER_APPICON_NAME = AppIcon;
				CODE_SIGN_STYLE = Automatic;
				DEVELOPMENT_TEAM = 2HS62JFXYP;
				INFOPLIST_FILE = topView/Info.plist;
				LD_RUNPATH_SEARCH_PATHS = (
					"$(inherited)",
					"@executable_path/Frameworks",
				);
				PRODUCT_BUNDLE_IDENTIFIER = com.fxzb.www.topView;
				PRODUCT_NAME = "$(TARGET_NAME)";
				SWIFT_VERSION = 5.0;
				TARGETED_DEVICE_FAMILY = "1,2";
			};
			name = Release;
		};
		EF8866C0247299FF00555FBD /* Debug */ = {
			isa = XCBuildConfiguration;
			buildSettings = {
				ALWAYS_EMBED_SWIFT_STANDARD_LIBRARIES = YES;
				BUNDLE_LOADER = "$(TEST_HOST)";
				CODE_SIGN_STYLE = Automatic;
				DEVELOPMENT_TEAM = 2HS62JFXYP;
				INFOPLIST_FILE = topViewTests/Info.plist;
				IPHONEOS_DEPLOYMENT_TARGET = 13.4;
				LD_RUNPATH_SEARCH_PATHS = (
					"$(inherited)",
					"@executable_path/Frameworks",
					"@loader_path/Frameworks",
				);
				PRODUCT_BUNDLE_IDENTIFIER = com.fxzb.www.topViewTests;
				PRODUCT_NAME = "$(TARGET_NAME)";
				SWIFT_VERSION = 5.0;
				TARGETED_DEVICE_FAMILY = "1,2";
				TEST_HOST = "$(BUILT_PRODUCTS_DIR)/topView.app/topView";
			};
			name = Debug;
		};
		EF8866C1247299FF00555FBD /* Release */ = {
			isa = XCBuildConfiguration;
			buildSettings = {
				ALWAYS_EMBED_SWIFT_STANDARD_LIBRARIES = YES;
				BUNDLE_LOADER = "$(TEST_HOST)";
				CODE_SIGN_STYLE = Automatic;
				DEVELOPMENT_TEAM = 2HS62JFXYP;
				INFOPLIST_FILE = topViewTests/Info.plist;
				IPHONEOS_DEPLOYMENT_TARGET = 13.4;
				LD_RUNPATH_SEARCH_PATHS = (
					"$(inherited)",
					"@executable_path/Frameworks",
					"@loader_path/Frameworks",
				);
				PRODUCT_BUNDLE_IDENTIFIER = com.fxzb.www.topViewTests;
				PRODUCT_NAME = "$(TARGET_NAME)";
				SWIFT_VERSION = 5.0;
				TARGETED_DEVICE_FAMILY = "1,2";
				TEST_HOST = "$(BUILT_PRODUCTS_DIR)/topView.app/topView";
			};
			name = Release;
		};
/* End XCBuildConfiguration section */

/* Begin XCConfigurationList section */
		EF886698247299FB00555FBD /* Build configuration list for PBXProject "topView" */ = {
			isa = XCConfigurationList;
			buildConfigurations = (
				EF8866BA247299FF00555FBD /* Debug */,
				EF8866BB247299FF00555FBD /* Release */,
			);
			defaultConfigurationIsVisible = 0;
			defaultConfigurationName = Release;
		};
		EF8866BC247299FF00555FBD /* Build configuration list for PBXNativeTarget "topView" */ = {
			isa = XCConfigurationList;
			buildConfigurations = (
				EF8866BD247299FF00555FBD /* Debug */,
				EF8866BE247299FF00555FBD /* Release */,
			);
			defaultConfigurationIsVisible = 0;
			defaultConfigurationName = Release;
		};
		EF8866BF247299FF00555FBD /* Build configuration list for PBXNativeTarget "topViewTests" */ = {
			isa = XCConfigurationList;
			buildConfigurations = (
				EF8866C0247299FF00555FBD /* Debug */,
				EF8866C1247299FF00555FBD /* Release */,
			);
			defaultConfigurationIsVisible = 0;
			defaultConfigurationName = Release;
		};
/* End XCConfigurationList section */
	};
	rootObject = EF886695247299FB00555FBD /* Project object */;
}
